
Microsoft Visual Studio Solution File, Format Version 12.00
# Visual Studio Version 17
VisualStudioVersion = 17.8.34525.116
MinimumVisualStudioVersion = 10.0.40219.1
Project("{FAE04EC0-301F-11D3-BF4B-00C04F79EFBC}") = "CondicionCompuesta1", "CondicionCompuesta1.csproj", "{0B217EFC-6A33-4868-B618-A11F777AF192}"
EndProject
Global
	GlobalSection(SolutionConfigurationPlatforms) = preSolution
		Debug|Any CPU = Debug|Any CPU
		Release|Any CPU = Release|Any CPU
	EndGlobalSection
	GlobalSection(ProjectConfigurationPlatforms) = postSolution
		{0B217EFC-6A33-4868-B618-A11F777AF192}.Debug|Any CPU.ActiveCfg = Debug|Any CPU
		{0B217EFC-6A33-4868-B618-A11F777AF192}.Debug|Any CPU.Build.0 = Debug|Any CPU
		{0B217EFC-6A33-4868-B618-A11F777AF192}.Release|Any CPU.ActiveCfg = Release|Any CPU
		{0B217EFC-6A33-4868-B618-A11F777AF192}.Release|Any CPU.Build.0 = Release|Any CPU
	EndGlobalSection
	GlobalSection(SolutionProperties) = preSolution
		HideSolutionNode = FALSE
	EndGlobalSection
	GlobalSection(ExtensibilityGlobals) = postSolution
		SolutionGuid = {893E7C24-A04B-4A3D-9CEA-1F157BC29A03}
	EndGlobalSection
EndGlobal
