
Microsoft Visual Studio Solution File, Format Version 12.00
# Visual Studio Version 17
VisualStudioVersion = 17.8.34525.116
MinimumVisualStudioVersion = 10.0.40219.1
Project("{FAE04EC0-301F-11D3-BF4B-00C04F79EFBC}") = "EjercicioCondicionalCompuestoConOperadores3", "EjercicioCondicionalCompuestoConOperadores3.csproj", "{5EF0F55E-039F-4EAD-9F9A-D517758282AE}"
EndProject
Global
	GlobalSection(SolutionConfigurationPlatforms) = preSolution
		Debug|Any CPU = Debug|Any CPU
		Release|Any CPU = Release|Any CPU
	EndGlobalSection
	GlobalSection(ProjectConfigurationPlatforms) = postSolution
		{5EF0F55E-039F-4EAD-9F9A-D517758282AE}.Debug|Any CPU.ActiveCfg = Debug|Any CPU
		{5EF0F55E-039F-4EAD-9F9A-D517758282AE}.Debug|Any CPU.Build.0 = Debug|Any CPU
		{5EF0F55E-039F-4EAD-9F9A-D517758282AE}.Release|Any CPU.ActiveCfg = Release|Any CPU
		{5EF0F55E-039F-4EAD-9F9A-D517758282AE}.Release|Any CPU.Build.0 = Release|Any CPU
	EndGlobalSection
	GlobalSection(SolutionProperties) = preSolution
		HideSolutionNode = FALSE
	EndGlobalSection
	GlobalSection(ExtensibilityGlobals) = postSolution
		SolutionGuid = {E7B687A1-AB5A-4411-8B2F-E7765FFADF26}
	EndGlobalSection
EndGlobal
