
Microsoft Visual Studio Solution File, Format Version 12.00
# Visual Studio Version 17
VisualStudioVersion = 17.8.34525.116
MinimumVisualStudioVersion = 10.0.40219.1
Project("{FAE04EC0-301F-11D3-BF4B-00C04F79EFBC}") = "EjercicioEstructuraRepetitivaWhile2", "EjercicioEstructuraRepetitivaWhile2.csproj", "{8FCCB7CB-F347-4CDD-A136-591D13E8565A}"
EndProject
Global
	GlobalSection(SolutionConfigurationPlatforms) = preSolution
		Debug|Any CPU = Debug|Any CPU
		Release|Any CPU = Release|Any CPU
	EndGlobalSection
	GlobalSection(ProjectConfigurationPlatforms) = postSolution
		{8FCCB7CB-F347-4CDD-A136-591D13E8565A}.Debug|Any CPU.ActiveCfg = Debug|Any CPU
		{8FCCB7CB-F347-4CDD-A136-591D13E8565A}.Debug|Any CPU.Build.0 = Debug|Any CPU
		{8FCCB7CB-F347-4CDD-A136-591D13E8565A}.Release|Any CPU.ActiveCfg = Release|Any CPU
		{8FCCB7CB-F347-4CDD-A136-591D13E8565A}.Release|Any CPU.Build.0 = Release|Any CPU
	EndGlobalSection
	GlobalSection(SolutionProperties) = preSolution
		HideSolutionNode = FALSE
	EndGlobalSection
	GlobalSection(ExtensibilityGlobals) = postSolution
		SolutionGuid = {7FD18475-9200-41C3-AF38-D43536976C9B}
	EndGlobalSection
EndGlobal
