
Microsoft Visual Studio Solution File, Format Version 12.00
# Visual Studio Version 17
VisualStudioVersion = 17.8.34525.116
MinimumVisualStudioVersion = 10.0.40219.1
Project("{FAE04EC0-301F-11D3-BF4B-00C04F79EFBC}") = "EjercicioCondicional3", "EjercicioCondicional3.csproj", "{BA0D15D9-40DF-436B-8CFB-E3A505D5E697}"
EndProject
Global
	GlobalSection(SolutionConfigurationPlatforms) = preSolution
		Debug|Any CPU = Debug|Any CPU
		Release|Any CPU = Release|Any CPU
	EndGlobalSection
	GlobalSection(ProjectConfigurationPlatforms) = postSolution
		{BA0D15D9-40DF-436B-8CFB-E3A505D5E697}.Debug|Any CPU.ActiveCfg = Debug|Any CPU
		{BA0D15D9-40DF-436B-8CFB-E3A505D5E697}.Debug|Any CPU.Build.0 = Debug|Any CPU
		{BA0D15D9-40DF-436B-8CFB-E3A505D5E697}.Release|Any CPU.ActiveCfg = Release|Any CPU
		{BA0D15D9-40DF-436B-8CFB-E3A505D5E697}.Release|Any CPU.Build.0 = Release|Any CPU
	EndGlobalSection
	GlobalSection(SolutionProperties) = preSolution
		HideSolutionNode = FALSE
	EndGlobalSection
	GlobalSection(ExtensibilityGlobals) = postSolution
		SolutionGuid = {B4EC0541-2D94-4F5E-97D3-4CCAD06A36DB}
	EndGlobalSection
EndGlobal
