
Microsoft Visual Studio Solution File, Format Version 12.00
# Visual Studio Version 17
VisualStudioVersion = 17.8.34525.116
MinimumVisualStudioVersion = 10.0.40219.1
Project("{FAE04EC0-301F-11D3-BF4B-00C04F79EFBC}") = "EjercicioCondicionalCompuestoConOperadores5", "EjercicioCondicionalCompuestoConOperadores5.csproj", "{7595D264-4BE1-4483-8DC0-34D7C3EDC9EF}"
EndProject
Global
	GlobalSection(SolutionConfigurationPlatforms) = preSolution
		Debug|Any CPU = Debug|Any CPU
		Release|Any CPU = Release|Any CPU
	EndGlobalSection
	GlobalSection(ProjectConfigurationPlatforms) = postSolution
		{7595D264-4BE1-4483-8DC0-34D7C3EDC9EF}.Debug|Any CPU.ActiveCfg = Debug|Any CPU
		{7595D264-4BE1-4483-8DC0-34D7C3EDC9EF}.Debug|Any CPU.Build.0 = Debug|Any CPU
		{7595D264-4BE1-4483-8DC0-34D7C3EDC9EF}.Release|Any CPU.ActiveCfg = Release|Any CPU
		{7595D264-4BE1-4483-8DC0-34D7C3EDC9EF}.Release|Any CPU.Build.0 = Release|Any CPU
	EndGlobalSection
	GlobalSection(SolutionProperties) = preSolution
		HideSolutionNode = FALSE
	EndGlobalSection
	GlobalSection(ExtensibilityGlobals) = postSolution
		SolutionGuid = {7BEA8DE6-F9D9-44E0-9D95-F056E20C99C5}
	EndGlobalSection
EndGlobal
