
Microsoft Visual Studio Solution File, Format Version 12.00
# Visual Studio Version 17
VisualStudioVersion = 17.8.34525.116
MinimumVisualStudioVersion = 10.0.40219.1
Project("{FAE04EC0-301F-11D3-BF4B-00C04F79EFBC}") = "PrecioCompraCantidadArticulo", "PrecioCompraCantidadArticulo.csproj", "{A19EC516-D06D-488B-AB8E-FDAACD827ACA}"
EndProject
Global
	GlobalSection(SolutionConfigurationPlatforms) = preSolution
		Debug|Any CPU = Debug|Any CPU
		Release|Any CPU = Release|Any CPU
	EndGlobalSection
	GlobalSection(ProjectConfigurationPlatforms) = postSolution
		{A19EC516-D06D-488B-AB8E-FDAACD827ACA}.Debug|Any CPU.ActiveCfg = Debug|Any CPU
		{A19EC516-D06D-488B-AB8E-FDAACD827ACA}.Debug|Any CPU.Build.0 = Debug|Any CPU
		{A19EC516-D06D-488B-AB8E-FDAACD827ACA}.Release|Any CPU.ActiveCfg = Release|Any CPU
		{A19EC516-D06D-488B-AB8E-FDAACD827ACA}.Release|Any CPU.Build.0 = Release|Any CPU
	EndGlobalSection
	GlobalSection(SolutionProperties) = preSolution
		HideSolutionNode = FALSE
	EndGlobalSection
	GlobalSection(ExtensibilityGlobals) = postSolution
		SolutionGuid = {B6A17A1E-0B1B-4C66-9005-A029D32352E7}
	EndGlobalSection
EndGlobal
